
Microsoft Visual Studio Solution File, Format Version 12.00
# Visual Studio 2012
Project("{FAE04EC0-301F-11D3-BF4B-00C04F79EFBC}") = "Menus", "Menus\Menus.csproj", "{292AC930-75DE-40A3-868D-B1869CF2F13D}"
EndProject
Global
	GlobalSection(SolutionConfigurationPlatforms) = preSolution
		Debug|Any CPU = Debug|Any CPU
		Release|Any CPU = Release|Any CPU
	EndGlobalSection
	GlobalSection(ProjectConfigurationPlatforms) = postSolution
		{292AC930-75DE-40A3-868D-B1869CF2F13D}.Debug|Any CPU.ActiveCfg = Debug|Any CPU
		{292AC930-75DE-40A3-868D-B1869CF2F13D}.Debug|Any CPU.Build.0 = Debug|Any CPU
		{292AC930-75DE-40A3-868D-B1869CF2F13D}.Release|Any CPU.ActiveCfg = Release|Any CPU
		{292AC930-75DE-40A3-868D-B1869CF2F13D}.Release|Any CPU.Build.0 = Release|Any CPU
	EndGlobalSection
	GlobalSection(SolutionProperties) = preSolution
		HideSolutionNode = FALSE
	EndGlobalSection
EndGlobal
